// !$*UTF8*$!
{
	archiveVersion = 1;
	classes = {
	};
	objectVersion = 48;
	objects = {

/* Begin PBXBuildFile section */
		D27824C020F3BDC600AC6CEA /* AppDelegate.swift in Sources */ = {isa = PBXBuildFile; fileRef = D27824BF20F3BDC600AC6CEA /* AppDelegate.swift */; };
		D27824C220F3BDC600AC6CEA /* ProfileViewController.swift in Sources */ = {isa = PBXBuildFile; fileRef = D27824C120F3BDC600AC6CEA /* ProfileViewController.swift */; };
		D27824C520F3BDC600AC6CEA /* Main.storyboard in Resources */ = {isa = PBXBuildFile; fileRef = D27824C320F3BDC600AC6CEA /* Main.storyboard */; };
		D27824C720F3BDC600AC6CEA /* Assets.xcassets in Resources */ = {isa = PBXBuildFile; fileRef = D27824C620F3BDC600AC6CEA /* Assets.xcassets */; };
		D27824CA20F3BDC600AC6CEA /* LaunchScreen.storyboard in Resources */ = {isa = PBXBuildFile; fileRef = D27824C820F3BDC600AC6CEA /* LaunchScreen.storyboard */; };
		D27824D220F3DE0D00AC6CEA /* RSSParser.swift in Sources */ = {isa = PBXBuildFile; fileRef = D27824D120F3DE0D00AC6CEA /* RSSParser.swift */; };
		D4387ABA70BE2AF4C51E3E52 /* Pods_UnicornApp.framework in Frameworks */ = {isa = PBXBuildFile; fileRef = 091B8C73D0B73B61227F9A54 /* Pods_UnicornApp.framework */; };
/* End PBXBuildFile section */

/* Begin PBXFileReference section */
		091B8C73D0B73B61227F9A54 /* Pods_UnicornApp.framework */ = {isa = PBXFileReference; explicitFileType = wrapper.framework; includeInIndex = 0; path = Pods_UnicornApp.framework; sourceTree = BUILT_PRODUCTS_DIR; };
		1ED3D9B0317470C4D4988AC3 /* Pods-UnicornApp.debug.xcconfig */ = {isa = PBXFileReference; includeInIndex = 1; lastKnownFileType = text.xcconfig; name = "Pods-UnicornApp.debug.xcconfig"; path = "Pods/Target Support Files/Pods-UnicornApp/Pods-UnicornApp.debug.xcconfig"; sourceTree = "<group>"; };
		6753035B4D0515235D0EEAAB /* Pods-UnicornApp.release.xcconfig */ = {isa = PBXFileReference; includeInIndex = 1; lastKnownFileType = text.xcconfig; name = "Pods-UnicornApp.release.xcconfig"; path = "Pods/Target Support Files/Pods-UnicornApp/Pods-UnicornApp.release.xcconfig"; sourceTree = "<group>"; };
		D27824BC20F3BDC600AC6CEA /* UnicornApp.app */ = {isa = PBXFileReference; explicitFileType = wrapper.application; includeInIndex = 0; path = UnicornApp.app; sourceTree = BUILT_PRODUCTS_DIR; };
		D27824BF20F3BDC600AC6CEA /* AppDelegate.swift */ = {isa = PBXFileReference; lastKnownFileType = sourcecode.swift; path = AppDelegate.swift; sourceTree = "<group>"; };
		D27824C120F3BDC600AC6CEA /* ProfileViewController.swift */ = {isa = PBXFileReference; lastKnownFileType = sourcecode.swift; path = ProfileViewController.swift; sourceTree = "<group>"; };
		D27824C420F3BDC600AC6CEA /* Base */ = {isa = PBXFileReference; lastKnownFileType = file.storyboard; name = Base; path = Base.lproj/Main.storyboard; sourceTree = "<group>"; };
		D27824C620F3BDC600AC6CEA /* Assets.xcassets */ = {isa = PBXFileReference; lastKnownFileType = folder.assetcatalog; path = Assets.xcassets; sourceTree = "<group>"; };
		D27824C920F3BDC600AC6CEA /* Base */ = {isa = PBXFileReference; lastKnownFileType = file.storyboard; name = Base; path = Base.lproj/LaunchScreen.storyboard; sourceTree = "<group>"; };
		D27824CB20F3BDC600AC6CEA /* Info.plist */ = {isa = PBXFileReference; lastKnownFileType = text.plist.xml; path = Info.plist; sourceTree = "<group>"; };
		D27824D120F3DE0D00AC6CEA /* RSSParser.swift */ = {isa = PBXFileReference; lastKnownFileType = sourcecode.swift; path = RSSParser.swift; sourceTree = "<group>"; };
/* End PBXFileReference section */

/* Begin PBXFrameworksBuildPhase section */
		D27824B920F3BDC600AC6CEA /* Frameworks */ = {
			isa = PBXFrameworksBuildPhase;
			buildActionMask = 2147483647;
			files = (
				D4387ABA70BE2AF4C51E3E52 /* Pods_UnicornApp.framework in Frameworks */,
			);
			runOnlyForDeploymentPostprocessing = 0;
		};
/* End PBXFrameworksBuildPhase section */

/* Begin PBXGroup section */
		039868E5ED16DE44277AA999 /* Frameworks */ = {
			isa = PBXGroup;
			children = (
				091B8C73D0B73B61227F9A54 /* Pods_UnicornApp.framework */,
			);
			name = Frameworks;
			sourceTree = "<group>";
		};
		B6D51586E648EF16B0520CF2 /* Pods */ = {
			isa = PBXGroup;
			children = (
				1ED3D9B0317470C4D4988AC3 /* Pods-UnicornApp.debug.xcconfig */,
				6753035B4D0515235D0EEAAB /* Pods-UnicornApp.release.xcconfig */,
			);
			name = Pods;
			sourceTree = "<group>";
		};
		D27824B320F3BDC500AC6CEA = {
			isa = PBXGroup;
			children = (
				D27824BE20F3BDC600AC6CEA /* UnicornApp */,
				D27824BD20F3BDC600AC6CEA /* Products */,
				B6D51586E648EF16B0520CF2 /* Pods */,
				039868E5ED16DE44277AA999 /* Frameworks */,
			);
			sourceTree = "<group>";
		};
		D27824BD20F3BDC600AC6CEA /* Products */ = {
			isa = PBXGroup;
			children = (
				D27824BC20F3BDC600AC6CEA /* UnicornApp.app */,
			);
			name = Products;
			sourceTree = "<group>";
		};
		D27824BE20F3BDC600AC6CEA /* UnicornApp */ = {
			isa = PBXGroup;
			children = (
				D27824C320F3BDC600AC6CEA /* Main.storyboard */,
				D27824BF20F3BDC600AC6CEA /* AppDelegate.swift */,
				D27824D120F3DE0D00AC6CEA /* RSSParser.swift */,
				D27824C120F3BDC600AC6CEA /* ProfileViewController.swift */,
				D27824C620F3BDC600AC6CEA /* Assets.xcassets */,
				D27824C820F3BDC600AC6CEA /* LaunchScreen.storyboard */,
				D27824CB20F3BDC600AC6CEA /* Info.plist */,
			);
			path = UnicornApp;
			sourceTree = "<group>";
		};
/* End PBXGroup section */

/* Begin PBXNativeTarget section */
		D27824BB20F3BDC600AC6CEA /* UnicornApp */ = {
			isa = PBXNativeTarget;
			buildConfigurationList = D27824CE20F3BDC600AC6CEA /* Build configuration list for PBXNativeTarget "UnicornApp" */;
			buildPhases = (
				F2D73F5706F215A46CBF32BD /* [CP] Check Pods Manifest.lock */,
				D27824B820F3BDC600AC6CEA /* Sources */,
				D27824B920F3BDC600AC6CEA /* Frameworks */,
				D27824BA20F3BDC600AC6CEA /* Resources */,
				A57E2B89E011D33DE5CE0B60 /* [CP] Embed Pods Frameworks */,
			);
			buildRules = (
			);
			dependencies = (
			);
			name = UnicornApp;
			productName = UnicornApp;
			productReference = D27824BC20F3BDC600AC6CEA /* UnicornApp.app */;
			productType = "com.apple.product-type.application";
		};
/* End PBXNativeTarget section */

/* Begin PBXProject section */
		D27824B420F3BDC600AC6CEA /* Project object */ = {
			isa = PBXProject;
			attributes = {
				LastSwiftUpdateCheck = 0920;
				LastUpgradeCheck = 0920;
				ORGANIZATIONNAME = "Oleksii Liubarets";
				TargetAttributes = {
					D27824BB20F3BDC600AC6CEA = {
						CreatedOnToolsVersion = 9.2;
						ProvisioningStyle = Automatic;
					};
				};
			};
			buildConfigurationList = D27824B720F3BDC600AC6CEA /* Build configuration list for PBXProject "UnicornApp" */;
			compatibilityVersion = "Xcode 8.0";
			developmentRegion = en;
			hasScannedForEncodings = 0;
			knownRegions = (
				en,
				Base,
			);
			mainGroup = D27824B320F3BDC500AC6CEA;
			productRefGroup = D27824BD20F3BDC600AC6CEA /* Products */;
			projectDirPath = "";
			projectRoot = "";
			targets = (
				D27824BB20F3BDC600AC6CEA /* UnicornApp */,
			);
		};
/* End PBXProject section */

/* Begin PBXResourcesBuildPhase section */
		D27824BA20F3BDC600AC6CEA /* Resources */ = {
			isa = PBXResourcesBuildPhase;
			buildActionMask = 2147483647;
			files = (
				D27824CA20F3BDC600AC6CEA /* LaunchScreen.storyboard in Resources */,
				D27824C720F3BDC600AC6CEA /* Assets.xcassets in Resources */,
				D27824C520F3BDC600AC6CEA /* Main.storyboard in Resources */,
			);
			runOnlyForDeploymentPostprocessing = 0;
		};
/* End PBXResourcesBuildPhase section */

/* Begin PBXShellScriptBuildPhase section */
		A57E2B89E011D33DE5CE0B60 /* [CP] Embed Pods Frameworks */ = {
			isa = PBXShellScriptBuildPhase;
			buildActionMask = 2147483647;
			files = (
			);
			inputPaths = (
				"${SRCROOT}/Pods/Target Support Files/Pods-UnicornApp/Pods-UnicornApp-frameworks.sh",
				"${BUILT_PRODUCTS_DIR}/Alamofire/Alamofire.framework",
				"${BUILT_PRODUCTS_DIR}/AlamofireRSSParser/AlamofireRSSParser.framework",
			);
			name = "[CP] Embed Pods Frameworks";
			outputPaths = (
				"${TARGET_BUILD_DIR}/${FRAMEWORKS_FOLDER_PATH}/Alamofire.framework",
				"${TARGET_BUILD_DIR}/${FRAMEWORKS_FOLDER_PATH}/AlamofireRSSParser.framework",
			);
			runOnlyForDeploymentPostprocessing = 0;
			shellPath = /bin/sh;
			shellScript = "\"${SRCROOT}/Pods/Target Support Files/Pods-UnicornApp/Pods-UnicornApp-frameworks.sh\"\n";
			showEnvVarsInLog = 0;
		};
		F2D73F5706F215A46CBF32BD /* [CP] Check Pods Manifest.lock */ = {
			isa = PBXShellScriptBuildPhase;
			buildActionMask = 2147483647;
			files = (
			);
			inputPaths = (
				"${PODS_PODFILE_DIR_PATH}/Podfile.lock",
				"${PODS_ROOT}/Manifest.lock",
			);
			name = "[CP] Check Pods Manifest.lock";
			outputPaths = (
				"$(DERIVED_FILE_DIR)/Pods-UnicornApp-checkManifestLockResult.txt",
			);
			runOnlyForDeploymentPostprocessing = 0;
			shellPath = /bin/sh;
			shellScript = "diff \"${PODS_PODFILE_DIR_PATH}/Podfile.lock\" \"${PODS_ROOT}/Manifest.lock\" > /dev/null\nif [ $? != 0 ] ; then\n    # print error to STDERR\n    echo \"error: The sandbox is not in sync with the Podfile.lock. Run 'pod install' or update your CocoaPods installation.\" >&2\n    exit 1\nfi\n# This output is used by Xcode 'outputs' to avoid re-running this script phase.\necho \"SUCCESS\" > \"${SCRIPT_OUTPUT_FILE_0}\"\n";
			showEnvVarsInLog = 0;
		};
/* End PBXShellScriptBuildPhase section */

/* Begin PBXSourcesBuildPhase section */
		D27824B820F3BDC600AC6CEA /* Sources */ = {
			isa = PBXSourcesBuildPhase;
			buildActionMask = 2147483647;
			files = (
				D27824C220F3BDC600AC6CEA /* ProfileViewController.swift in Sources */,
				D27824D220F3DE0D00AC6CEA /* RSSParser.swift in Sources */,
				D27824C020F3BDC600AC6CEA /* AppDelegate.swift in Sources */,
			);
			runOnlyForDeploymentPostprocessing = 0;
		};
/* End PBXSourcesBuildPhase section */

/* Begin PBXVariantGroup section */
		D27824C320F3BDC600AC6CEA /* Main.storyboard */ = {
			isa = PBXVariantGroup;
			children = (
				D27824C420F3BDC600AC6CEA /* Base */,
			);
			name = Main.storyboard;
			sourceTree = "<group>";
		};
		D27824C820F3BDC600AC6CEA /* LaunchScreen.storyboard */ = {
			isa = PBXVariantGroup;
			children = (
				D27824C920F3BDC600AC6CEA /* Base */,
			);
			name = LaunchScreen.storyboard;
			sourceTree = "<group>";
		};
/* End PBXVariantGroup section */

/* Begin XCBuildConfiguration section */
		D27824CC20F3BDC600AC6CEA /* Debug */ = {
			isa = XCBuildConfiguration;
			buildSettings = {
				ALWAYS_SEARCH_USER_PATHS = NO;
				CLANG_ANALYZER_NONNULL = YES;
				CLANG_ANALYZER_NUMBER_OBJECT_CONVERSION = YES_AGGRESSIVE;
				CLANG_CXX_LANGUAGE_STANDARD = "gnu++14";
				CLANG_CXX_LIBRARY = "libc++";
				CLANG_ENABLE_MODULES = YES;
				CLANG_ENABLE_OBJC_ARC = YES;
				CLANG_WARN_BLOCK_CAPTURE_AUTORELEASING = YES;
				CLANG_WARN_BOOL_CONVERSION = YES;
				CLANG_WARN_COMMA = YES;
				CLANG_WARN_CONSTANT_CONVERSION = YES;
				CLANG_WARN_DIRECT_OBJC_ISA_USAGE = YES_ERROR;
				CLANG_WARN_DOCUMENTATION_COMMENTS = YES;
				CLANG_WARN_EMPTY_BODY = YES;
				CLANG_WARN_ENUM_CONVERSION = YES;
				CLANG_WARN_INFINITE_RECURSION = YES;
				CLANG_WARN_INT_CONVERSION = YES;
				CLANG_WARN_NON_LITERAL_NULL_CONVERSION = YES;
				CLANG_WARN_OBJC_LITERAL_CONVERSION = YES;
				CLANG_WARN_OBJC_ROOT_CLASS = YES_ERROR;
				CLANG_WARN_RANGE_LOOP_ANALYSIS = YES;
				CLANG_WARN_STRICT_PROTOTYPES = YES;
				CLANG_WARN_SUSPICIOUS_MOVE = YES;
				CLANG_WARN_UNGUARDED_AVAILABILITY = YES_AGGRESSIVE;
				CLANG_WARN_UNREACHABLE_CODE = YES;
				CLANG_WARN__DUPLICATE_METHOD_MATCH = YES;
				CODE_SIGN_IDENTITY = "iPhone Developer";
				COPY_PHASE_STRIP = NO;
				DEBUG_INFORMATION_FORMAT = dwarf;
				ENABLE_STRICT_OBJC_MSGSEND = YES;
				ENABLE_TESTABILITY = YES;
				GCC_C_LANGUAGE_STANDARD = gnu11;
				GCC_DYNAMIC_NO_PIC = NO;
				GCC_NO_COMMON_BLOCKS = YES;
				GCC_OPTIMIZATION_LEVEL = 0;
				GCC_PREPROCESSOR_DEFINITIONS = (
					"DEBUG=1",
					"$(inherited)",
				);
				GCC_WARN_64_TO_32_BIT_CONVERSION = YES;
				GCC_WARN_ABOUT_RETURN_TYPE = YES_ERROR;
				GCC_WARN_UNDECLARED_SELECTOR = YES;
				GCC_WARN_UNINITIALIZED_AUTOS = YES_AGGRESSIVE;
				GCC_WARN_UNUSED_FUNCTION = YES;
				GCC_WARN_UNUSED_VARIABLE = YES;
				IPHONEOS_DEPLOYMENT_TARGET = 11.2;
				MTL_ENABLE_DEBUG_INFO = YES;
				ONLY_ACTIVE_ARCH = YES;
				SDKROOT = iphoneos;
				SWIFT_ACTIVE_COMPILATION_CONDITIONS = DEBUG;
				SWIFT_OPTIMIZATION_LEVEL = "-Onone";
			};
			name = Debug;
		};
		D27824CD20F3BDC600AC6CEA /* Release */ = {
			isa = XCBuildConfiguration;
			buildSettings = {
				ALWAYS_SEARCH_USER_PATHS = NO;
				CLANG_ANALYZER_NONNULL = YES;
				CLANG_ANALYZER_NUMBER_OBJECT_CONVERSION = YES_AGGRESSIVE;
				CLANG_CXX_LANGUAGE_STANDARD = "gnu++14";
				CLANG_CXX_LIBRARY = "libc++";
				CLANG_ENABLE_MODULES = YES;
				CLANG_ENABLE_OBJC_ARC = YES;
				CLANG_WARN_BLOCK_CAPTURE_AUTORELEASING = YES;
				CLANG_WARN_BOOL_CONVERSION = YES;
				CLANG_WARN_COMMA = YES;
				CLANG_WARN_CONSTANT_CONVERSION = YES;
				CLANG_WARN_DIRECT_OBJC_ISA_USAGE = YES_ERROR;
				CLANG_WARN_DOCUMENTATION_COMMENTS = YES;
				CLANG_WARN_EMPTY_BODY = YES;
				CLANG_WARN_ENUM_CONVERSION = YES;
				CLANG_WARN_INFINITE_RECURSION = YES;
				CLANG_WARN_INT_CONVERSION = YES;
				CLANG_WARN_NON_LITERAL_NULL_CONVERSION = YES;
				CLANG_WARN_OBJC_LITERAL_CONVERSION = YES;
				CLANG_WARN_OBJC_ROOT_CLASS = YES_ERROR;
				CLANG_WARN_RANGE_LOOP_ANALYSIS = YES;
				CLANG_WARN_STRICT_PROTOTYPES = YES;
				CLANG_WARN_SUSPICIOUS_MOVE = YES;
				CLANG_WARN_UNGUARDED_AVAILABILITY = YES_AGGRESSIVE;
				CLANG_WARN_UNREACHABLE_CODE = YES;
				CLANG_WARN__DUPLICATE_METHOD_MATCH = YES;
				CODE_SIGN_IDENTITY = "iPhone Developer";
				COPY_PHASE_STRIP = NO;
				DEBUG_INFORMATION_FORMAT = "dwarf-with-dsym";
				ENABLE_NS_ASSERTIONS = NO;
				ENABLE_STRICT_OBJC_MSGSEND = YES;
				GCC_C_LANGUAGE_STANDARD = gnu11;
				GCC_NO_COMMON_BLOCKS = YES;
				GCC_WARN_64_TO_32_BIT_CONVERSION = YES;
				GCC_WARN_ABOUT_RETURN_TYPE = YES_ERROR;
				GCC_WARN_UNDECLARED_SELECTOR = YES;
				GCC_WARN_UNINITIALIZED_AUTOS = YES_AGGRESSIVE;
				GCC_WARN_UNUSED_FUNCTION = YES;
				GCC_WARN_UNUSED_VARIABLE = YES;
				IPHONEOS_DEPLOYMENT_TARGET = 11.2;
				MTL_ENABLE_DEBUG_INFO = NO;
				SDKROOT = iphoneos;
				SWIFT_OPTIMIZATION_LEVEL = "-Owholemodule";
				VALIDATE_PRODUCT = YES;
			};
			name = Release;
		};
		D27824CF20F3BDC600AC6CEA /* Debug */ = {
			isa = XCBuildConfiguration;
			baseConfigurationReference = 1ED3D9B0317470C4D4988AC3 /* Pods-UnicornApp.debug.xcconfig */;
			buildSettings = {
				ASSETCATALOG_COMPILER_APPICON_NAME = AppIcon;
				CODE_SIGN_STYLE = Automatic;
				DEVELOPMENT_TEAM = 9QQKN39F5V;
				INFOPLIST_FILE = UnicornApp/Info.plist;
				IPHONEOS_DEPLOYMENT_TARGET = 10.0;
				LD_RUNPATH_SEARCH_PATHS = "$(inherited) @executable_path/Frameworks";
				PRODUCT_BUNDLE_IDENTIFIER = AlexBraun.UnicornApp;
				PRODUCT_NAME = "$(TARGET_NAME)";
				SWIFT_VERSION = 4.0;
				TARGETED_DEVICE_FAMILY = "1,2";
			};
			name = Debug;
		};
		D27824D020F3BDC600AC6CEA /* Release */ = {
			isa = XCBuildConfiguration;
			baseConfigurationReference = 6753035B4D0515235D0EEAAB /* Pods-UnicornApp.release.xcconfig */;
			buildSettings = {
				ASSETCATALOG_COMPILER_APPICON_NAME = AppIcon;
				CODE_SIGN_STYLE = Automatic;
				DEVELOPMENT_TEAM = 9QQKN39F5V;
				INFOPLIST_FILE = UnicornApp/Info.plist;
				IPHONEOS_DEPLOYMENT_TARGET = 10.0;
				LD_RUNPATH_SEARCH_PATHS = "$(inherited) @executable_path/Frameworks";
				PRODUCT_BUNDLE_IDENTIFIER = AlexBraun.UnicornApp;
				PRODUCT_NAME = "$(TARGET_NAME)";
				SWIFT_VERSION = 4.0;
				TARGETED_DEVICE_FAMILY = "1,2";
			};
			name = Release;
		};
/* End XCBuildConfiguration section */

/* Begin XCConfigurationList section */
		D27824B720F3BDC600AC6CEA /* Build configuration list for PBXProject "UnicornApp" */ = {
			isa = XCConfigurationList;
			buildConfigurations = (
				D27824CC20F3BDC600AC6CEA /* Debug */,
				D27824CD20F3BDC600AC6CEA /* Release */,
			);
			defaultConfigurationIsVisible = 0;
			defaultConfigurationName = Release;
		};
		D27824CE20F3BDC600AC6CEA /* Build configuration list for PBXNativeTarget "UnicornApp" */ = {
			isa = XCConfigurationList;
			buildConfigurations = (
				D27824CF20F3BDC600AC6CEA /* Debug */,
				D27824D020F3BDC600AC6CEA /* Release */,
			);
			defaultConfigurationIsVisible = 0;
			defaultConfigurationName = Release;
		};
/* End XCConfigurationList section */
	};
	rootObject = D27824B420F3BDC600AC6CEA /* Project object */;
}
